// !$*UTF8*$!
{
	archiveVersion = 1;
	classes = {
	};
	objectVersion = 56;
	objects = {

/* Begin PBXBuildFile section */
		A078A67329720FF60005C3E9 /* SpoofApp.swift in Sources */ = {isa = PBXBuildFile; fileRef = A078A67229720FF60005C3E9 /* SpoofApp.swift */; };
		A078A67529720FF60005C3E9 /* ContentView.swift in Sources */ = {isa = PBXBuildFile; fileRef = A078A67429720FF60005C3E9 /* ContentView.swift */; };
		A078A67729720FF70005C3E9 /* Assets.xcassets in Resources */ = {isa = PBXBuildFile; fileRef = A078A67629720FF70005C3E9 /* Assets.xcassets */; };
		A078A67A29720FF70005C3E9 /* Preview Assets.xcassets in Resources */ = {isa = PBXBuildFile; fileRef = A078A67929720FF70005C3E9 /* Preview Assets.xcassets */; };
		A078A68429720FF70005C3E9 /* SpoofTests.swift in Sources */ = {isa = PBXBuildFile; fileRef = A078A68329720FF70005C3E9 /* SpoofTests.swift */; };
		A078A68E29720FF70005C3E9 /* SpoofUITests.swift in Sources */ = {isa = PBXBuildFile; fileRef = A078A68D29720FF70005C3E9 /* SpoofUITests.swift */; };
		A078A69029720FF70005C3E9 /* SpoofUITestsLaunchTests.swift in Sources */ = {isa = PBXBuildFile; fileRef = A078A68F29720FF70005C3E9 /* SpoofUITestsLaunchTests.swift */; };
/* End PBXBuildFile section */

/* Begin PBXContainerItemProxy section */
		A078A68029720FF70005C3E9 /* PBXContainerItemProxy */ = {
			isa = PBXContainerItemProxy;
			containerPortal = A078A66729720FF60005C3E9 /* Project object */;
			proxyType = 1;
			remoteGlobalIDString = A078A66E29720FF60005C3E9;
			remoteInfo = Spoof;
		};
		A078A68A29720FF70005C3E9 /* PBXContainerItemProxy */ = {
			isa = PBXContainerItemProxy;
			containerPortal = A078A66729720FF60005C3E9 /* Project object */;
			proxyType = 1;
			remoteGlobalIDString = A078A66E29720FF60005C3E9;
			remoteInfo = Spoof;
		};
/* End PBXContainerItemProxy section */

/* Begin PBXFileReference section */
		A078A66F29720FF60005C3E9 /* Spoof.app */ = {isa = PBXFileReference; explicitFileType = wrapper.application; includeInIndex = 0; path = Spoof.app; sourceTree = BUILT_PRODUCTS_DIR; };
		A078A67229720FF60005C3E9 /* SpoofApp.swift */ = {isa = PBXFileReference; lastKnownFileType = sourcecode.swift; path = SpoofApp.swift; sourceTree = "<group>"; };
		A078A67429720FF60005C3E9 /* ContentView.swift */ = {isa = PBXFileReference; lastKnownFileType = sourcecode.swift; path = ContentView.swift; sourceTree = "<group>"; };
		A078A67629720FF70005C3E9 /* Assets.xcassets */ = {isa = PBXFileReference; lastKnownFileType = folder.assetcatalog; path = Assets.xcassets; sourceTree = "<group>"; };
		A078A67929720FF70005C3E9 /* Preview Assets.xcassets */ = {isa = PBXFileReference; lastKnownFileType = folder.assetcatalog; path = "Preview Assets.xcassets"; sourceTree = "<group>"; };
		A078A67F29720FF70005C3E9 /* SpoofTests.xctest */ = {isa = PBXFileReference; explicitFileType = wrapper.cfbundle; includeInIndex = 0; path = SpoofTests.xctest; sourceTree = BUILT_PRODUCTS_DIR; };
		A078A68329720FF70005C3E9 /* SpoofTests.swift */ = {isa = PBXFileReference; lastKnownFileType = sourcecode.swift; path = SpoofTests.swift; sourceTree = "<group>"; };
		A078A68929720FF70005C3E9 /* SpoofUITests.xctest */ = {isa = PBXFileReference; explicitFileType = wrapper.cfbundle; includeInIndex = 0; path = SpoofUITests.xctest; sourceTree = BUILT_PRODUCTS_DIR; };
		A078A68D29720FF70005C3E9 /* SpoofUITests.swift */ = {isa = PBXFileReference; lastKnownFileType = sourcecode.swift; path = SpoofUITests.swift; sourceTree = "<group>"; };
		A078A68F29720FF70005C3E9 /* SpoofUITestsLaunchTests.swift */ = {isa = PBXFileReference; lastKnownFileType = sourcecode.swift; path = SpoofUITestsLaunchTests.swift; sourceTree = "<group>"; };
/* End PBXFileReference section */

/* Begin PBXFrameworksBuildPhase section */
		A078A66C29720FF60005C3E9 /* Frameworks */ = {
			isa = PBXFrameworksBuildPhase;
			buildActionMask = 2147483647;
			files = (
			);
			runOnlyForDeploymentPostprocessing = 0;
		};
		A078A67C29720FF70005C3E9 /* Frameworks */ = {
			isa = PBXFrameworksBuildPhase;
			buildActionMask = 2147483647;
			files = (
			);
			runOnlyForDeploymentPostprocessing = 0;
		};
		A078A68629720FF70005C3E9 /* Frameworks */ = {
			isa = PBXFrameworksBuildPhase;
			buildActionMask = 2147483647;
			files = (
			);
			runOnlyForDeploymentPostprocessing = 0;
		};
/* End PBXFrameworksBuildPhase section */

/* Begin PBXGroup section */
		A078A66629720FF60005C3E9 = {
			isa = PBXGroup;
			children = (
				A078A67129720FF60005C3E9 /* Spoof */,
				A078A68229720FF70005C3E9 /* SpoofTests */,
				A078A68C29720FF70005C3E9 /* SpoofUITests */,
				A078A67029720FF60005C3E9 /* Products */,
			);
			sourceTree = "<group>";
		};
		A078A67029720FF60005C3E9 /* Products */ = {
			isa = PBXGroup;
			children = (
				A078A66F29720FF60005C3E9 /* Spoof.app */,
				A078A67F29720FF70005C3E9 /* SpoofTests.xctest */,
				A078A68929720FF70005C3E9 /* SpoofUITests.xctest */,
			);
			name = Products;
			sourceTree = "<group>";
		};
		A078A67129720FF60005C3E9 /* Spoof */ = {
			isa = PBXGroup;
			children = (
				A078A67229720FF60005C3E9 /* SpoofApp.swift */,
				A078A67429720FF60005C3E9 /* ContentView.swift */,
				A078A67629720FF70005C3E9 /* Assets.xcassets */,
				A078A67829720FF70005C3E9 /* Preview Content */,
			);
			path = Spoof;
			sourceTree = "<group>";
		};
		A078A67829720FF70005C3E9 /* Preview Content */ = {
			isa = PBXGroup;
			children = (
				A078A67929720FF70005C3E9 /* Preview Assets.xcassets */,
			);
			path = "Preview Content";
			sourceTree = "<group>";
		};
		A078A68229720FF70005C3E9 /* SpoofTests */ = {
			isa = PBXGroup;
			children = (
				A078A68329720FF70005C3E9 /* SpoofTests.swift */,
			);
			path = SpoofTests;
			sourceTree = "<group>";
		};
		A078A68C29720FF70005C3E9 /* SpoofUITests */ = {
			isa = PBXGroup;
			children = (
				A078A68D29720FF70005C3E9 /* SpoofUITests.swift */,
				A078A68F29720FF70005C3E9 /* SpoofUITestsLaunchTests.swift */,
			);
			path = SpoofUITests;
			sourceTree = "<group>";
		};
/* End PBXGroup section */

/* Begin PBXNativeTarget section */
		A078A66E29720FF60005C3E9 /* Spoof */ = {
			isa = PBXNativeTarget;
			buildConfigurationList = A078A69329720FF70005C3E9 /* Build configuration list for PBXNativeTarget "Spoof" */;
			buildPhases = (
				A078A66B29720FF60005C3E9 /* Sources */,
				A078A66C29720FF60005C3E9 /* Frameworks */,
				A078A66D29720FF60005C3E9 /* Resources */,
			);
			buildRules = (
			);
			dependencies = (
			);
			name = Spoof;
			productName = Spoof;
			productReference = A078A66F29720FF60005C3E9 /* Spoof.app */;
			productType = "com.apple.product-type.application";
		};
		A078A67E29720FF70005C3E9 /* SpoofTests */ = {
			isa = PBXNativeTarget;
			buildConfigurationList = A078A69629720FF70005C3E9 /* Build configuration list for PBXNativeTarget "SpoofTests" */;
			buildPhases = (
				A078A67B29720FF70005C3E9 /* Sources */,
				A078A67C29720FF70005C3E9 /* Frameworks */,
				A078A67D29720FF70005C3E9 /* Resources */,
			);
			buildRules = (
			);
			dependencies = (
				A078A68129720FF70005C3E9 /* PBXTargetDependency */,
			);
			name = SpoofTests;
			productName = SpoofTests;
			productReference = A078A67F29720FF70005C3E9 /* SpoofTests.xctest */;
			productType = "com.apple.product-type.bundle.unit-test";
		};
		A078A68829720FF70005C3E9 /* SpoofUITests */ = {
			isa = PBXNativeTarget;
			buildConfigurationList = A078A69929720FF70005C3E9 /* Build configuration list for PBXNativeTarget "SpoofUITests" */;
			buildPhases = (
				A078A68529720FF70005C3E9 /* Sources */,
				A078A68629720FF70005C3E9 /* Frameworks */,
				A078A68729720FF70005C3E9 /* Resources */,
			);
			buildRules = (
			);
			dependencies = (
				A078A68B29720FF70005C3E9 /* PBXTargetDependency */,
			);
			name = SpoofUITests;
			productName = SpoofUITests;
			productReference = A078A68929720FF70005C3E9 /* SpoofUITests.xctest */;
			productType = "com.apple.product-type.bundle.ui-testing";
		};
/* End PBXNativeTarget section */

/* Begin PBXProject section */
		A078A66729720FF60005C3E9 /* Project object */ = {
			isa = PBXProject;
			attributes = {
				BuildIndependentTargetsInParallel = 1;
				LastSwiftUpdateCheck = 1420;
				LastUpgradeCheck = 1420;
				TargetAttributes = {
					A078A66E29720FF60005C3E9 = {
						CreatedOnToolsVersion = 14.2;
					};
					A078A67E29720FF70005C3E9 = {
						CreatedOnToolsVersion = 14.2;
						TestTargetID = A078A66E29720FF60005C3E9;
					};
					A078A68829720FF70005C3E9 = {
						CreatedOnToolsVersion = 14.2;
						TestTargetID = A078A66E29720FF60005C3E9;
					};
				};
			};
			buildConfigurationList = A078A66A29720FF60005C3E9 /* Build configuration list for PBXProject "Spoof" */;
			compatibilityVersion = "Xcode 14.0";
			developmentRegion = en;
			hasScannedForEncodings = 0;
			knownRegions = (
				en,
				Base,
			);
			mainGroup = A078A66629720FF60005C3E9;
			productRefGroup = A078A67029720FF60005C3E9 /* Products */;
			projectDirPath = "";
			projectRoot = "";
			targets = (
				A078A66E29720FF60005C3E9 /* Spoof */,
				A078A67E29720FF70005C3E9 /* SpoofTests */,
				A078A68829720FF70005C3E9 /* SpoofUITests */,
			);
		};
/* End PBXProject section */

/* Begin PBXResourcesBuildPhase section */
		A078A66D29720FF60005C3E9 /* Resources */ = {
			isa = PBXResourcesBuildPhase;
			buildActionMask = 2147483647;
			files = (
				A078A67A29720FF70005C3E9 /* Preview Assets.xcassets in Resources */,
				A078A67729720FF70005C3E9 /* Assets.xcassets in Resources */,
			);
			runOnlyForDeploymentPostprocessing = 0;
		};
		A078A67D29720FF70005C3E9 /* Resources */ = {
			isa = PBXResourcesBuildPhase;
			buildActionMask = 2147483647;
			files = (
			);
			runOnlyForDeploymentPostprocessing = 0;
		};
		A078A68729720FF70005C3E9 /* Resources */ = {
			isa = PBXResourcesBuildPhase;
			buildActionMask = 2147483647;
			files = (
			);
			runOnlyForDeploymentPostprocessing = 0;
		};
/* End PBXResourcesBuildPhase section */

/* Begin PBXSourcesBuildPhase section */
		A078A66B29720FF60005C3E9 /* Sources */ = {
			isa = PBXSourcesBuildPhase;
			buildActionMask = 2147483647;
			files = (
				A078A67529720FF60005C3E9 /* ContentView.swift in Sources */,
				A078A67329720FF60005C3E9 /* SpoofApp.swift in Sources */,
			);
			runOnlyForDeploymentPostprocessing = 0;
		};
		A078A67B29720FF70005C3E9 /* Sources */ = {
			isa = PBXSourcesBuildPhase;
			buildActionMask = 2147483647;
			files = (
				A078A68429720FF70005C3E9 /* SpoofTests.swift in Sources */,
			);
			runOnlyForDeploymentPostprocessing = 0;
		};
		A078A68529720FF70005C3E9 /* Sources */ = {
			isa = PBXSourcesBuildPhase;
			buildActionMask = 2147483647;
			files = (
				A078A69029720FF70005C3E9 /* SpoofUITestsLaunchTests.swift in Sources */,
				A078A68E29720FF70005C3E9 /* SpoofUITests.swift in Sources */,
			);
			runOnlyForDeploymentPostprocessing = 0;
		};
/* End PBXSourcesBuildPhase section */

/* Begin PBXTargetDependency section */
		A078A68129720FF70005C3E9 /* PBXTargetDependency */ = {
			isa = PBXTargetDependency;
			target = A078A66E29720FF60005C3E9 /* Spoof */;
			targetProxy = A078A68029720FF70005C3E9 /* PBXContainerItemProxy */;
		};
		A078A68B29720FF70005C3E9 /* PBXTargetDependency */ = {
			isa = PBXTargetDependency;
			target = A078A66E29720FF60005C3E9 /* Spoof */;
			targetProxy = A078A68A29720FF70005C3E9 /* PBXContainerItemProxy */;
		};
/* End PBXTargetDependency section */

/* Begin XCBuildConfiguration section */
		A078A69129720FF70005C3E9 /* Debug */ = {
			isa = XCBuildConfiguration;
			buildSettings = {
				ALWAYS_SEARCH_USER_PATHS = NO;
				CLANG_ANALYZER_NONNULL = YES;
				CLANG_ANALYZER_NUMBER_OBJECT_CONVERSION = YES_AGGRESSIVE;
				CLANG_CXX_LANGUAGE_STANDARD = "gnu++20";
				CLANG_ENABLE_MODULES = YES;
				CLANG_ENABLE_OBJC_ARC = YES;
				CLANG_ENABLE_OBJC_WEAK = YES;
				CLANG_WARN_BLOCK_CAPTURE_AUTORELEASING = YES;
				CLANG_WARN_BOOL_CONVERSION = YES;
				CLANG_WARN_COMMA = YES;
				CLANG_WARN_CONSTANT_CONVERSION = YES;
				CLANG_WARN_DEPRECATED_OBJC_IMPLEMENTATIONS = YES;
				CLANG_WARN_DIRECT_OBJC_ISA_USAGE = YES_ERROR;
				CLANG_WARN_DOCUMENTATION_COMMENTS = YES;
				CLANG_WARN_EMPTY_BODY = YES;
				CLANG_WARN_ENUM_CONVERSION = YES;
				CLANG_WARN_INFINITE_RECURSION = YES;
				CLANG_WARN_INT_CONVERSION = YES;
				CLANG_WARN_NON_LITERAL_NULL_CONVERSION = YES;
				CLANG_WARN_OBJC_IMPLICIT_RETAIN_SELF = YES;
				CLANG_WARN_OBJC_LITERAL_CONVERSION = YES;
				CLANG_WARN_OBJC_ROOT_CLASS = YES_ERROR;
				CLANG_WARN_QUOTED_INCLUDE_IN_FRAMEWORK_HEADER = YES;
				CLANG_WARN_RANGE_LOOP_ANALYSIS = YES;
				CLANG_WARN_STRICT_PROTOTYPES = YES;
				CLANG_WARN_SUSPICIOUS_MOVE = YES;
				CLANG_WARN_UNGUARDED_AVAILABILITY = YES_AGGRESSIVE;
				CLANG_WARN_UNREACHABLE_CODE = YES;
				CLANG_WARN__DUPLICATE_METHOD_MATCH = YES;
				COPY_PHASE_STRIP = NO;
				DEBUG_INFORMATION_FORMAT = dwarf;
				ENABLE_STRICT_OBJC_MSGSEND = YES;
				ENABLE_TESTABILITY = YES;
				GCC_C_LANGUAGE_STANDARD = gnu11;
				GCC_DYNAMIC_NO_PIC = NO;
				GCC_NO_COMMON_BLOCKS = YES;
				GCC_OPTIMIZATION_LEVEL = 0;
				GCC_PREPROCESSOR_DEFINITIONS = (
					"DEBUG=1",
					"$(inherited)",
				);
				GCC_WARN_64_TO_32_BIT_CONVERSION = YES;
				GCC_WARN_ABOUT_RETURN_TYPE = YES_ERROR;
				GCC_WARN_UNDECLARED_SELECTOR = YES;
				GCC_WARN_UNINITIALIZED_AUTOS = YES_AGGRESSIVE;
				GCC_WARN_UNUSED_FUNCTION = YES;
				GCC_WARN_UNUSED_VARIABLE = YES;
				IPHONEOS_DEPLOYMENT_TARGET = 16.2;
				MTL_ENABLE_DEBUG_INFO = INCLUDE_SOURCE;
				MTL_FAST_MATH = YES;
				ONLY_ACTIVE_ARCH = YES;
				SDKROOT = iphoneos;
				SWIFT_ACTIVE_COMPILATION_CONDITIONS = DEBUG;
				SWIFT_OPTIMIZATION_LEVEL = "-Onone";
			};
			name = Debug;
		};
		A078A69229720FF70005C3E9 /* Release */ = {
			isa = XCBuildConfiguration;
			buildSettings = {
				ALWAYS_SEARCH_USER_PATHS = NO;
				CLANG_ANALYZER_NONNULL = YES;
				CLANG_ANALYZER_NUMBER_OBJECT_CONVERSION = YES_AGGRESSIVE;
				CLANG_CXX_LANGUAGE_STANDARD = "gnu++20";
				CLANG_ENABLE_MODULES = YES;
				CLANG_ENABLE_OBJC_ARC = YES;
				CLANG_ENABLE_OBJC_WEAK = YES;
				CLANG_WARN_BLOCK_CAPTURE_AUTORELEASING = YES;
				CLANG_WARN_BOOL_CONVERSION = YES;
				CLANG_WARN_COMMA = YES;
				CLANG_WARN_CONSTANT_CONVERSION = YES;
				CLANG_WARN_DEPRECATED_OBJC_IMPLEMENTATIONS = YES;
				CLANG_WARN_DIRECT_OBJC_ISA_USAGE = YES_ERROR;
				CLANG_WARN_DOCUMENTATION_COMMENTS = YES;
				CLANG_WARN_EMPTY_BODY = YES;
				CLANG_WARN_ENUM_CONVERSION = YES;
				CLANG_WARN_INFINITE_RECURSION = YES;
				CLANG_WARN_INT_CONVERSION = YES;
				CLANG_WARN_NON_LITERAL_NULL_CONVERSION = YES;
				CLANG_WARN_OBJC_IMPLICIT_RETAIN_SELF = YES;
				CLANG_WARN_OBJC_LITERAL_CONVERSION = YES;
				CLANG_WARN_OBJC_ROOT_CLASS = YES_ERROR;
				CLANG_WARN_QUOTED_INCLUDE_IN_FRAMEWORK_HEADER = YES;
				CLANG_WARN_RANGE_LOOP_ANALYSIS = YES;
				CLANG_WARN_STRICT_PROTOTYPES = YES;
				CLANG_WARN_SUSPICIOUS_MOVE = YES;
				CLANG_WARN_UNGUARDED_AVAILABILITY = YES_AGGRESSIVE;
				CLANG_WARN_UNREACHABLE_CODE = YES;
				CLANG_WARN__DUPLICATE_METHOD_MATCH = YES;
				COPY_PHASE_STRIP = NO;
				DEBUG_INFORMATION_FORMAT = "dwarf-with-dsym";
				ENABLE_NS_ASSERTIONS = NO;
				ENABLE_STRICT_OBJC_MSGSEND = YES;
				GCC_C_LANGUAGE_STANDARD = gnu11;
				GCC_NO_COMMON_BLOCKS = YES;
				GCC_WARN_64_TO_32_BIT_CONVERSION = YES;
				GCC_WARN_ABOUT_RETURN_TYPE = YES_ERROR;
				GCC_WARN_UNDECLARED_SELECTOR = YES;
				GCC_WARN_UNINITIALIZED_AUTOS = YES_AGGRESSIVE;
				GCC_WARN_UNUSED_FUNCTION = YES;
				GCC_WARN_UNUSED_VARIABLE = YES;
				IPHONEOS_DEPLOYMENT_TARGET = 16.2;
				MTL_ENABLE_DEBUG_INFO = NO;
				MTL_FAST_MATH = YES;
				SDKROOT = iphoneos;
				SWIFT_COMPILATION_MODE = wholemodule;
				SWIFT_OPTIMIZATION_LEVEL = "-O";
				VALIDATE_PRODUCT = YES;
			};
			name = Release;
		};
		A078A69429720FF70005C3E9 /* Debug */ = {
			isa = XCBuildConfiguration;
			buildSettings = {
				ASSETCATALOG_COMPILER_APPICON_NAME = AppIcon;
				ASSETCATALOG_COMPILER_GLOBAL_ACCENT_COLOR_NAME = AccentColor;
				CODE_SIGN_STYLE = Automatic;
				CURRENT_PROJECT_VERSION = 1;
				DEVELOPMENT_ASSET_PATHS = "\"Spoof/Preview Content\"";
				DEVELOPMENT_TEAM = XX74BS54N5;
				ENABLE_PREVIEWS = YES;
				GENERATE_INFOPLIST_FILE = YES;
				INFOPLIST_KEY_UIApplicationSceneManifest_Generation = YES;
				INFOPLIST_KEY_UIApplicationSupportsIndirectInputEvents = YES;
				INFOPLIST_KEY_UILaunchScreen_Generation = YES;
				INFOPLIST_KEY_UISupportedInterfaceOrientations_iPad = "UIInterfaceOrientationPortrait UIInterfaceOrientationPortraitUpsideDown UIInterfaceOrientationLandscapeLeft UIInterfaceOrientationLandscapeRight";
				INFOPLIST_KEY_UISupportedInterfaceOrientations_iPhone = "UIInterfaceOrientationPortrait UIInterfaceOrientationLandscapeLeft UIInterfaceOrientationLandscapeRight";
				LD_RUNPATH_SEARCH_PATHS = (
					"$(inherited)",
					"@executable_path/Frameworks",
				);
				MARKETING_VERSION = 1.0;
				PRODUCT_BUNDLE_IDENTIFIER = Test.Spoof;
				PRODUCT_NAME = "$(TARGET_NAME)";
				SWIFT_EMIT_LOC_STRINGS = YES;
				SWIFT_VERSION = 5.0;
				TARGETED_DEVICE_FAMILY = "1,2";
			};
			name = Debug;
		};
		A078A69529720FF70005C3E9 /* Release */ = {
			isa = XCBuildConfiguration;
			buildSettings = {
				ASSETCATALOG_COMPILER_APPICON_NAME = AppIcon;
				ASSETCATALOG_COMPILER_GLOBAL_ACCENT_COLOR_NAME = AccentColor;
				CODE_SIGN_STYLE = Automatic;
				CURRENT_PROJECT_VERSION = 1;
				DEVELOPMENT_ASSET_PATHS = "\"Spoof/Preview Content\"";
				DEVELOPMENT_TEAM = XX74BS54N5;
				ENABLE_PREVIEWS = YES;
				GENERATE_INFOPLIST_FILE = YES;
				INFOPLIST_KEY_UIApplicationSceneManifest_Generation = YES;
				INFOPLIST_KEY_UIApplicationSupportsIndirectInputEvents = YES;
				INFOPLIST_KEY_UILaunchScreen_Generation = YES;
				INFOPLIST_KEY_UISupportedInterfaceOrientations_iPad = "UIInterfaceOrientationPortrait UIInterfaceOrientationPortraitUpsideDown UIInterfaceOrientationLandscapeLeft UIInterfaceOrientationLandscapeRight";
				INFOPLIST_KEY_UISupportedInterfaceOrientations_iPhone = "UIInterfaceOrientationPortrait UIInterfaceOrientationLandscapeLeft UIInterfaceOrientationLandscapeRight";
				LD_RUNPATH_SEARCH_PATHS = (
					"$(inherited)",
					"@executable_path/Frameworks",
				);
				MARKETING_VERSION = 1.0;
				PRODUCT_BUNDLE_IDENTIFIER = Test.Spoof;
				PRODUCT_NAME = "$(TARGET_NAME)";
				SWIFT_EMIT_LOC_STRINGS = YES;
				SWIFT_VERSION = 5.0;
				TARGETED_DEVICE_FAMILY = "1,2";
			};
			name = Release;
		};
		A078A69729720FF70005C3E9 /* Debug */ = {
			isa = XCBuildConfiguration;
			buildSettings = {
				ALWAYS_EMBED_SWIFT_STANDARD_LIBRARIES = YES;
				BUNDLE_LOADER = "$(TEST_HOST)";
				CODE_SIGN_STYLE = Automatic;
				CURRENT_PROJECT_VERSION = 1;
				DEVELOPMENT_TEAM = XX74BS54N5;
				GENERATE_INFOPLIST_FILE = YES;
				IPHONEOS_DEPLOYMENT_TARGET = 16.2;
				MARKETING_VERSION = 1.0;
				PRODUCT_BUNDLE_IDENTIFIER = Test.SpoofTests;
				PRODUCT_NAME = "$(TARGET_NAME)";
				SWIFT_EMIT_LOC_STRINGS = NO;
				SWIFT_VERSION = 5.0;
				TARGETED_DEVICE_FAMILY = "1,2";
				TEST_HOST = "$(BUILT_PRODUCTS_DIR)/Spoof.app/$(BUNDLE_EXECUTABLE_FOLDER_PATH)/Spoof";
			};
			name = Debug;
		};
		A078A69829720FF70005C3E9 /* Release */ = {
			isa = XCBuildConfiguration;
			buildSettings = {
				ALWAYS_EMBED_SWIFT_STANDARD_LIBRARIES = YES;
				BUNDLE_LOADER = "$(TEST_HOST)";
				CODE_SIGN_STYLE = Automatic;
				CURRENT_PROJECT_VERSION = 1;
				DEVELOPMENT_TEAM = XX74BS54N5;
				GENERATE_INFOPLIST_FILE = YES;
				IPHONEOS_DEPLOYMENT_TARGET = 16.2;
				MARKETING_VERSION = 1.0;
				PRODUCT_BUNDLE_IDENTIFIER = Test.SpoofTests;
				PRODUCT_NAME = "$(TARGET_NAME)";
				SWIFT_EMIT_LOC_STRINGS = NO;
				SWIFT_VERSION = 5.0;
				TARGETED_DEVICE_FAMILY = "1,2";
				TEST_HOST = "$(BUILT_PRODUCTS_DIR)/Spoof.app/$(BUNDLE_EXECUTABLE_FOLDER_PATH)/Spoof";
			};
			name = Release;
		};
		A078A69A29720FF70005C3E9 /* Debug */ = {
			isa = XCBuildConfiguration;
			buildSettings = {
				ALWAYS_EMBED_SWIFT_STANDARD_LIBRARIES = YES;
				CODE_SIGN_STYLE = Automatic;
				CURRENT_PROJECT_VERSION = 1;
				DEVELOPMENT_TEAM = XX74BS54N5;
				GENERATE_INFOPLIST_FILE = YES;
				MARKETING_VERSION = 1.0;
				PRODUCT_BUNDLE_IDENTIFIER = Test.SpoofUITests;
				PRODUCT_NAME = "$(TARGET_NAME)";
				SWIFT_EMIT_LOC_STRINGS = NO;
				SWIFT_VERSION = 5.0;
				TARGETED_DEVICE_FAMILY = "1,2";
				TEST_TARGET_NAME = Spoof;
			};
			name = Debug;
		};
		A078A69B29720FF70005C3E9 /* Release */ = {
			isa = XCBuildConfiguration;
			buildSettings = {
				ALWAYS_EMBED_SWIFT_STANDARD_LIBRARIES = YES;
				CODE_SIGN_STYLE = Automatic;
				CURRENT_PROJECT_VERSION = 1;
				DEVELOPMENT_TEAM = XX74BS54N5;
				GENERATE_INFOPLIST_FILE = YES;
				MARKETING_VERSION = 1.0;
				PRODUCT_BUNDLE_IDENTIFIER = Test.SpoofUITests;
				PRODUCT_NAME = "$(TARGET_NAME)";
				SWIFT_EMIT_LOC_STRINGS = NO;
				SWIFT_VERSION = 5.0;
				TARGETED_DEVICE_FAMILY = "1,2";
				TEST_TARGET_NAME = Spoof;
			};
			name = Release;
		};
/* End XCBuildConfiguration section */

/* Begin XCConfigurationList section */
		A078A66A29720FF60005C3E9 /* Build configuration list for PBXProject "Spoof" */ = {
			isa = XCConfigurationList;
			buildConfigurations = (
				A078A69129720FF70005C3E9 /* Debug */,
				A078A69229720FF70005C3E9 /* Release */,
			);
			defaultConfigurationIsVisible = 0;
			defaultConfigurationName = Release;
		};
		A078A69329720FF70005C3E9 /* Build configuration list for PBXNativeTarget "Spoof" */ = {
			isa = XCConfigurationList;
			buildConfigurations = (
				A078A69429720FF70005C3E9 /* Debug */,
				A078A69529720FF70005C3E9 /* Release */,
			);
			defaultConfigurationIsVisible = 0;
			defaultConfigurationName = Release;
		};
		A078A69629720FF70005C3E9 /* Build configuration list for PBXNativeTarget "SpoofTests" */ = {
			isa = XCConfigurationList;
			buildConfigurations = (
				A078A69729720FF70005C3E9 /* Debug */,
				A078A69829720FF70005C3E9 /* Release */,
			);
			defaultConfigurationIsVisible = 0;
			defaultConfigurationName = Release;
		};
		A078A69929720FF70005C3E9 /* Build configuration list for PBXNativeTarget "SpoofUITests" */ = {
			isa = XCConfigurationList;
			buildConfigurations = (
				A078A69A29720FF70005C3E9 /* Debug */,
				A078A69B29720FF70005C3E9 /* Release */,
			);
			defaultConfigurationIsVisible = 0;
			defaultConfigurationName = Release;
		};
/* End XCConfigurationList section */
	};
	rootObject = A078A66729720FF60005C3E9 /* Project object */;
}
